
Microsoft Visual Studio Solution File, Format Version 12.00
# Visual Studio Version 17
VisualStudioVersion = 17.1.32210.238
MinimumVisualStudioVersion = 10.0.40219.1
Project("{2150E333-8FDC-42A3-9474-1A3956D46DE8}") = "Tests", "Tests", "{E98EEDA7-F6ED-4EA9-B2B6-D79DBD9145B2}"
EndProject
Project("{2150E333-8FDC-42A3-9474-1A3956D46DE8}") = "Solution Items", "Solution Items", "{DDFBB5BA-0CC9-48A9-80DF-C1707C5B2139}"
	ProjectSection(SolutionItems) = preProject
		LICENSE.md = LICENSE.md
		nuget_logo.png = nuget_logo.png
	EndProjectSection
EndProject
Project("{2150E333-8FDC-42A3-9474-1A3956D46DE8}") = "Examples", "Examples", "{2A33ED7C-69F6-430E-89C9-9CBE557B57CC}"
EndProject
Project("{2150E333-8FDC-42A3-9474-1A3956D46DE8}") = "DependencyInjection", "DependencyInjection", "{518244F8-568F-457B-8684-CAD8AD9A3D0E}"
EndProject
Project("{9A19103F-16F7-4668-BE54-9A1E7A4F7556}") = "DependencyInjection.Service", "examples\DependencyInjection\src\DependencyInjection.Service\DependencyInjection.Service.csproj", "{BD59168B-B511-417F-B89C-F3EDA406C14E}"
EndProject
Project("{9A19103F-16F7-4668-BE54-9A1E7A4F7556}") = "DependencyInjection.WebUi", "examples\DependencyInjection\src\DependencyInjection.WebUi\DependencyInjection.WebUi.csproj", "{F92CC81A-C39C-4938-BE3E-1B10EE3E5CA4}"
EndProject
Project("{9A19103F-16F7-4668-BE54-9A1E7A4F7556}") = "DependencyInjection.API", "examples\DependencyInjection\src\DependencyInjection.API\DependencyInjection.API.csproj", "{AD2DE70B-FFE2-4ED9-8CC2-5BBB6213C10A}"
EndProject
Project("{9A19103F-16F7-4668-BE54-9A1E7A4F7556}") = "SereneApi.Extensions.DependencyInjection", "src\SereneApi.Extensions.DependencyInjection\SereneApi.Extensions.DependencyInjection.csproj", "{4FB9E00D-43FB-41AF-8703-F06F24D8666A}"
EndProject
Project("{2150E333-8FDC-42A3-9474-1A3956D46DE8}") = "Benchmarks", "Benchmarks", "{B184BCCE-56C1-4428-873A-1F564F00DA98}"
EndProject
Project("{2150E333-8FDC-42A3-9474-1A3956D46DE8}") = "Documentation", "Documentation", "{0ABAC71A-585F-4303-8658-0D6AB35D59E4}"
	ProjectSection(SolutionItems) = preProject
		documentation\Common_Question.md = documentation\Common_Question.md
		README.md = README.md
		documentation\Table_of_Contents.md = documentation\Table_of_Contents.md
	EndProjectSection
EndProject
Project("{9A19103F-16F7-4668-BE54-9A1E7A4F7556}") = "SereneApi.Core", "src\SereneApi.Core\SereneApi.Core.csproj", "{645744C8-4A40-4F41-A206-85018F1047BF}"
EndProject
Project("{9A19103F-16F7-4668-BE54-9A1E7A4F7556}") = "SereneApi.Handlers.Rest", "src\SereneApi.Handlers.Rest\SereneApi.Handlers.Rest.csproj", "{72EA49E7-F29E-4E2F-853C-E2CF54D4F927}"
EndProject
Project("{9A19103F-16F7-4668-BE54-9A1E7A4F7556}") = "SereneApi.Handlers.Soap", "src\SereneApi.Handlers.Soap\SereneApi.Handlers.Soap.csproj", "{027A45E6-E315-4FB2-9F52-A885441C9CB1}"
EndProject
Project("{9A19103F-16F7-4668-BE54-9A1E7A4F7556}") = "SereneApi.Serializers.Newtonsoft.Json", "src\SereneApi.Serializers.Newtonsoft.Json\SereneApi.Serializers.Newtonsoft.Json.csproj", "{00478531-76EF-4595-89DB-85A8C7A62BD2}"
EndProject
Project("{9A19103F-16F7-4668-BE54-9A1E7A4F7556}") = "SereneApi.Extensions.Caching", "src\SereneApi.Extensions.Caching\SereneApi.Extensions.Caching.csproj", "{3ADB3DCD-487C-4009-B44B-B2182F73DD4B}"
EndProject
Project("{9A19103F-16F7-4668-BE54-9A1E7A4F7556}") = "SereneApi.Extensions.Mocking.Rest", "src\SereneApi.Extensions.Mocking.Rest\SereneApi.Extensions.Mocking.Rest.csproj", "{3A8AA102-0AA6-4A44-A2FC-603A980CC628}"
EndProject
Project("{9A19103F-16F7-4668-BE54-9A1E7A4F7556}") = "SereneApi.Extensions.Profiling", "src\SereneApi.Extensions.Profiling\SereneApi.Extensions.Profiling.csproj", "{FC9A3D3F-818D-4D0F-A623-A2D4320E8768}"
EndProject
Project("{9A19103F-16F7-4668-BE54-9A1E7A4F7556}") = "SereneApi.Authentication.WebAssembly.Msal", "src\SereneApi.Authentication.WebAssembly.Msal\SereneApi.Authentication.WebAssembly.Msal.csproj", "{B9AF3F2C-AE5B-4939-B1FE-6C96DE984EB1}"
EndProject
Project("{9A19103F-16F7-4668-BE54-9A1E7A4F7556}") = "SereneApi.Extensions.Blazor", "src\SereneApi.Extensions.Blazor\SereneApi.Extensions.Blazor.csproj", "{9EA907C1-D37D-4AC8-B83E-311E2E66C08A}"
EndProject
Project("{9A19103F-16F7-4668-BE54-9A1E7A4F7556}") = "SereneApi.Extensions.WindowsImpersonation", "src\SereneApi.Extensions.WindowsImpersonation\SereneApi.Extensions.WindowsImpersonation.csproj", "{B80039C2-01B9-4D09-8D5A-A7646D66F3AE}"
EndProject
Project("{9A19103F-16F7-4668-BE54-9A1E7A4F7556}") = "SereneApi.Core.Tests", "tests\SereneApi.Core.Tests\SereneApi.Core.Tests.csproj", "{CD4C6D59-DA07-473A-B651-86F21A1E8980}"
EndProject
Project("{9A19103F-16F7-4668-BE54-9A1E7A4F7556}") = "SereneApi.Extensions.Blazor.Should", "tests\SereneApi.Extensions.Blazor.Should\SereneApi.Extensions.Blazor.Should.csproj", "{39189E25-0E6D-4E0C-8027-C4B56D91509E}"
EndProject
Project("{9A19103F-16F7-4668-BE54-9A1E7A4F7556}") = "SereneApi.Extensions.DependencyInjection.Tests", "tests\SereneApi.Extensions.DependencyInjection.Tests\SereneApi.Extensions.DependencyInjection.Tests.csproj", "{19EB37AC-F3B5-4F96-900A-91F9A5157285}"
EndProject
Project("{9A19103F-16F7-4668-BE54-9A1E7A4F7556}") = "SereneApi.Handlers.Rest.Tests", "tests\SereneApi.Handlers.Rest.Tests\SereneApi.Handlers.Rest.Tests.csproj", "{D2BD3217-A451-46D3-A48F-E7FA13C3405B}"
EndProject
Project("{9A19103F-16F7-4668-BE54-9A1E7A4F7556}") = "SereneApi.Serialization.Newtonsoft.Json.Tests", "tests\SereneApi.Serialization.Newtonsoft.Json.Tests\SereneApi.Serialization.Newtonsoft.Json.Tests.csproj", "{D61DC0E2-ABC9-4BC9-91BE-80FC89D06587}"
EndProject
Project("{9A19103F-16F7-4668-BE54-9A1E7A4F7556}") = "SereneApi.Handlers.Rest.Benchmark", "benchmarks\SereneApi.Handlers.Rest.Benchmark\SereneApi.Handlers.Rest.Benchmark.csproj", "{74D2F1D1-FD84-4D31-A4FA-642022805E18}"
EndProject
Project("{9A19103F-16F7-4668-BE54-9A1E7A4F7556}") = "SereneApi.Handlers.Rest.Benchmark.AspNet", "benchmarks\SereneApi.Handlers.Rest.Benchmark.AspNet\SereneApi.Handlers.Rest.Benchmark.AspNet.csproj", "{4A300ADC-68B3-4A4D-BDD2-161028853DDB}"
EndProject
Project("{9A19103F-16F7-4668-BE54-9A1E7A4F7556}") = "SereneApi.Authentication.Web.Msal", "src\SereneApi.Authentication.Web.Msal\SereneApi.Authentication.Web.Msal.csproj", "{2D22B6A8-4C81-4E31-93BC-F9F5794DA3BA}"
EndProject
Project("{FAE04EC0-301F-11D3-BF4B-00C04F79EFBC}") = "SereneApi.Authentication.Web.IdentityServer", "src\SereneApi.Authentication.Web.IdentityServer\SereneApi.Authentication.Web.IdentityServer.csproj", "{14886AB7-4459-4EB9-AEB8-799C43BA6AE0}"
EndProject
Global
	GlobalSection(SolutionConfigurationPlatforms) = preSolution
		Debug|Any CPU = Debug|Any CPU
		Release|Any CPU = Release|Any CPU
	EndGlobalSection
	GlobalSection(ProjectConfigurationPlatforms) = postSolution
		{BD59168B-B511-417F-B89C-F3EDA406C14E}.Debug|Any CPU.ActiveCfg = Debug|Any CPU
		{BD59168B-B511-417F-B89C-F3EDA406C14E}.Debug|Any CPU.Build.0 = Debug|Any CPU
		{BD59168B-B511-417F-B89C-F3EDA406C14E}.Release|Any CPU.ActiveCfg = Release|Any CPU
		{BD59168B-B511-417F-B89C-F3EDA406C14E}.Release|Any CPU.Build.0 = Release|Any CPU
		{F92CC81A-C39C-4938-BE3E-1B10EE3E5CA4}.Debug|Any CPU.ActiveCfg = Debug|Any CPU
		{F92CC81A-C39C-4938-BE3E-1B10EE3E5CA4}.Debug|Any CPU.Build.0 = Debug|Any CPU
		{F92CC81A-C39C-4938-BE3E-1B10EE3E5CA4}.Release|Any CPU.ActiveCfg = Release|Any CPU
		{F92CC81A-C39C-4938-BE3E-1B10EE3E5CA4}.Release|Any CPU.Build.0 = Release|Any CPU
		{AD2DE70B-FFE2-4ED9-8CC2-5BBB6213C10A}.Debug|Any CPU.ActiveCfg = Debug|Any CPU
		{AD2DE70B-FFE2-4ED9-8CC2-5BBB6213C10A}.Debug|Any CPU.Build.0 = Debug|Any CPU
		{AD2DE70B-FFE2-4ED9-8CC2-5BBB6213C10A}.Release|Any CPU.ActiveCfg = Release|Any CPU
		{AD2DE70B-FFE2-4ED9-8CC2-5BBB6213C10A}.Release|Any CPU.Build.0 = Release|Any CPU
		{4FB9E00D-43FB-41AF-8703-F06F24D8666A}.Debug|Any CPU.ActiveCfg = Debug|Any CPU
		{4FB9E00D-43FB-41AF-8703-F06F24D8666A}.Debug|Any CPU.Build.0 = Debug|Any CPU
		{4FB9E00D-43FB-41AF-8703-F06F24D8666A}.Release|Any CPU.ActiveCfg = Release|Any CPU
		{4FB9E00D-43FB-41AF-8703-F06F24D8666A}.Release|Any CPU.Build.0 = Release|Any CPU
		{645744C8-4A40-4F41-A206-85018F1047BF}.Debug|Any CPU.ActiveCfg = Debug|Any CPU
		{645744C8-4A40-4F41-A206-85018F1047BF}.Debug|Any CPU.Build.0 = Debug|Any CPU
		{645744C8-4A40-4F41-A206-85018F1047BF}.Release|Any CPU.ActiveCfg = Release|Any CPU
		{645744C8-4A40-4F41-A206-85018F1047BF}.Release|Any CPU.Build.0 = Release|Any CPU
		{72EA49E7-F29E-4E2F-853C-E2CF54D4F927}.Debug|Any CPU.ActiveCfg = Debug|Any CPU
		{72EA49E7-F29E-4E2F-853C-E2CF54D4F927}.Debug|Any CPU.Build.0 = Debug|Any CPU
		{72EA49E7-F29E-4E2F-853C-E2CF54D4F927}.Release|Any CPU.ActiveCfg = Release|Any CPU
		{72EA49E7-F29E-4E2F-853C-E2CF54D4F927}.Release|Any CPU.Build.0 = Release|Any CPU
		{027A45E6-E315-4FB2-9F52-A885441C9CB1}.Debug|Any CPU.ActiveCfg = Debug|Any CPU
		{027A45E6-E315-4FB2-9F52-A885441C9CB1}.Debug|Any CPU.Build.0 = Debug|Any CPU
		{027A45E6-E315-4FB2-9F52-A885441C9CB1}.Release|Any CPU.ActiveCfg = Release|Any CPU
		{027A45E6-E315-4FB2-9F52-A885441C9CB1}.Release|Any CPU.Build.0 = Release|Any CPU
		{00478531-76EF-4595-89DB-85A8C7A62BD2}.Debug|Any CPU.ActiveCfg = Debug|Any CPU
		{00478531-76EF-4595-89DB-85A8C7A62BD2}.Debug|Any CPU.Build.0 = Debug|Any CPU
		{00478531-76EF-4595-89DB-85A8C7A62BD2}.Release|Any CPU.ActiveCfg = Release|Any CPU
		{00478531-76EF-4595-89DB-85A8C7A62BD2}.Release|Any CPU.Build.0 = Release|Any CPU
		{3ADB3DCD-487C-4009-B44B-B2182F73DD4B}.Debug|Any CPU.ActiveCfg = Debug|Any CPU
		{3ADB3DCD-487C-4009-B44B-B2182F73DD4B}.Debug|Any CPU.Build.0 = Debug|Any CPU
		{3ADB3DCD-487C-4009-B44B-B2182F73DD4B}.Release|Any CPU.ActiveCfg = Release|Any CPU
		{3ADB3DCD-487C-4009-B44B-B2182F73DD4B}.Release|Any CPU.Build.0 = Release|Any CPU
		{3A8AA102-0AA6-4A44-A2FC-603A980CC628}.Debug|Any CPU.ActiveCfg = Debug|Any CPU
		{3A8AA102-0AA6-4A44-A2FC-603A980CC628}.Debug|Any CPU.Build.0 = Debug|Any CPU
		{3A8AA102-0AA6-4A44-A2FC-603A980CC628}.Release|Any CPU.ActiveCfg = Release|Any CPU
		{3A8AA102-0AA6-4A44-A2FC-603A980CC628}.Release|Any CPU.Build.0 = Release|Any CPU
		{FC9A3D3F-818D-4D0F-A623-A2D4320E8768}.Debug|Any CPU.ActiveCfg = Debug|Any CPU
		{FC9A3D3F-818D-4D0F-A623-A2D4320E8768}.Debug|Any CPU.Build.0 = Debug|Any CPU
		{FC9A3D3F-818D-4D0F-A623-A2D4320E8768}.Release|Any CPU.ActiveCfg = Release|Any CPU
		{FC9A3D3F-818D-4D0F-A623-A2D4320E8768}.Release|Any CPU.Build.0 = Release|Any CPU
		{B9AF3F2C-AE5B-4939-B1FE-6C96DE984EB1}.Debug|Any CPU.ActiveCfg = Debug|Any CPU
		{B9AF3F2C-AE5B-4939-B1FE-6C96DE984EB1}.Debug|Any CPU.Build.0 = Debug|Any CPU
		{B9AF3F2C-AE5B-4939-B1FE-6C96DE984EB1}.Release|Any CPU.ActiveCfg = Release|Any CPU
		{B9AF3F2C-AE5B-4939-B1FE-6C96DE984EB1}.Release|Any CPU.Build.0 = Release|Any CPU
		{9EA907C1-D37D-4AC8-B83E-311E2E66C08A}.Debug|Any CPU.ActiveCfg = Debug|Any CPU
		{9EA907C1-D37D-4AC8-B83E-311E2E66C08A}.Debug|Any CPU.Build.0 = Debug|Any CPU
		{9EA907C1-D37D-4AC8-B83E-311E2E66C08A}.Release|Any CPU.ActiveCfg = Release|Any CPU
		{9EA907C1-D37D-4AC8-B83E-311E2E66C08A}.Release|Any CPU.Build.0 = Release|Any CPU
		{B80039C2-01B9-4D09-8D5A-A7646D66F3AE}.Debug|Any CPU.ActiveCfg = Debug|Any CPU
		{B80039C2-01B9-4D09-8D5A-A7646D66F3AE}.Debug|Any CPU.Build.0 = Debug|Any CPU
		{B80039C2-01B9-4D09-8D5A-A7646D66F3AE}.Release|Any CPU.ActiveCfg = Release|Any CPU
		{B80039C2-01B9-4D09-8D5A-A7646D66F3AE}.Release|Any CPU.Build.0 = Release|Any CPU
		{CD4C6D59-DA07-473A-B651-86F21A1E8980}.Debug|Any CPU.ActiveCfg = Debug|Any CPU
		{CD4C6D59-DA07-473A-B651-86F21A1E8980}.Debug|Any CPU.Build.0 = Debug|Any CPU
		{CD4C6D59-DA07-473A-B651-86F21A1E8980}.Release|Any CPU.ActiveCfg = Release|Any CPU
		{CD4C6D59-DA07-473A-B651-86F21A1E8980}.Release|Any CPU.Build.0 = Release|Any CPU
		{39189E25-0E6D-4E0C-8027-C4B56D91509E}.Debug|Any CPU.ActiveCfg = Debug|Any CPU
		{39189E25-0E6D-4E0C-8027-C4B56D91509E}.Debug|Any CPU.Build.0 = Debug|Any CPU
		{39189E25-0E6D-4E0C-8027-C4B56D91509E}.Release|Any CPU.ActiveCfg = Release|Any CPU
		{39189E25-0E6D-4E0C-8027-C4B56D91509E}.Release|Any CPU.Build.0 = Release|Any CPU
		{19EB37AC-F3B5-4F96-900A-91F9A5157285}.Debug|Any CPU.ActiveCfg = Debug|Any CPU
		{19EB37AC-F3B5-4F96-900A-91F9A5157285}.Debug|Any CPU.Build.0 = Debug|Any CPU
		{19EB37AC-F3B5-4F96-900A-91F9A5157285}.Release|Any CPU.ActiveCfg = Release|Any CPU
		{19EB37AC-F3B5-4F96-900A-91F9A5157285}.Release|Any CPU.Build.0 = Release|Any CPU
		{D2BD3217-A451-46D3-A48F-E7FA13C3405B}.Debug|Any CPU.ActiveCfg = Debug|Any CPU
		{D2BD3217-A451-46D3-A48F-E7FA13C3405B}.Debug|Any CPU.Build.0 = Debug|Any CPU
		{D2BD3217-A451-46D3-A48F-E7FA13C3405B}.Release|Any CPU.ActiveCfg = Release|Any CPU
		{D2BD3217-A451-46D3-A48F-E7FA13C3405B}.Release|Any CPU.Build.0 = Release|Any CPU
		{D61DC0E2-ABC9-4BC9-91BE-80FC89D06587}.Debug|Any CPU.ActiveCfg = Debug|Any CPU
		{D61DC0E2-ABC9-4BC9-91BE-80FC89D06587}.Debug|Any CPU.Build.0 = Debug|Any CPU
		{D61DC0E2-ABC9-4BC9-91BE-80FC89D06587}.Release|Any CPU.ActiveCfg = Release|Any CPU
		{D61DC0E2-ABC9-4BC9-91BE-80FC89D06587}.Release|Any CPU.Build.0 = Release|Any CPU
		{74D2F1D1-FD84-4D31-A4FA-642022805E18}.Debug|Any CPU.ActiveCfg = Debug|Any CPU
		{74D2F1D1-FD84-4D31-A4FA-642022805E18}.Debug|Any CPU.Build.0 = Debug|Any CPU
		{74D2F1D1-FD84-4D31-A4FA-642022805E18}.Release|Any CPU.ActiveCfg = Release|Any CPU
		{74D2F1D1-FD84-4D31-A4FA-642022805E18}.Release|Any CPU.Build.0 = Release|Any CPU
		{4A300ADC-68B3-4A4D-BDD2-161028853DDB}.Debug|Any CPU.ActiveCfg = Debug|Any CPU
		{4A300ADC-68B3-4A4D-BDD2-161028853DDB}.Debug|Any CPU.Build.0 = Debug|Any CPU
		{4A300ADC-68B3-4A4D-BDD2-161028853DDB}.Release|Any CPU.ActiveCfg = Release|Any CPU
		{4A300ADC-68B3-4A4D-BDD2-161028853DDB}.Release|Any CPU.Build.0 = Release|Any CPU
		{2D22B6A8-4C81-4E31-93BC-F9F5794DA3BA}.Debug|Any CPU.ActiveCfg = Debug|Any CPU
		{2D22B6A8-4C81-4E31-93BC-F9F5794DA3BA}.Debug|Any CPU.Build.0 = Debug|Any CPU
		{2D22B6A8-4C81-4E31-93BC-F9F5794DA3BA}.Release|Any CPU.ActiveCfg = Release|Any CPU
		{2D22B6A8-4C81-4E31-93BC-F9F5794DA3BA}.Release|Any CPU.Build.0 = Release|Any CPU
		{14886AB7-4459-4EB9-AEB8-799C43BA6AE0}.Debug|Any CPU.ActiveCfg = Debug|Any CPU
		{14886AB7-4459-4EB9-AEB8-799C43BA6AE0}.Debug|Any CPU.Build.0 = Debug|Any CPU
		{14886AB7-4459-4EB9-AEB8-799C43BA6AE0}.Release|Any CPU.ActiveCfg = Release|Any CPU
		{14886AB7-4459-4EB9-AEB8-799C43BA6AE0}.Release|Any CPU.Build.0 = Release|Any CPU
	EndGlobalSection
	GlobalSection(SolutionProperties) = preSolution
		HideSolutionNode = FALSE
	EndGlobalSection
	GlobalSection(NestedProjects) = preSolution
		{518244F8-568F-457B-8684-CAD8AD9A3D0E} = {2A33ED7C-69F6-430E-89C9-9CBE557B57CC}
		{BD59168B-B511-417F-B89C-F3EDA406C14E} = {518244F8-568F-457B-8684-CAD8AD9A3D0E}
		{F92CC81A-C39C-4938-BE3E-1B10EE3E5CA4} = {518244F8-568F-457B-8684-CAD8AD9A3D0E}
		{AD2DE70B-FFE2-4ED9-8CC2-5BBB6213C10A} = {518244F8-568F-457B-8684-CAD8AD9A3D0E}
		{CD4C6D59-DA07-473A-B651-86F21A1E8980} = {E98EEDA7-F6ED-4EA9-B2B6-D79DBD9145B2}
		{39189E25-0E6D-4E0C-8027-C4B56D91509E} = {E98EEDA7-F6ED-4EA9-B2B6-D79DBD9145B2}
		{19EB37AC-F3B5-4F96-900A-91F9A5157285} = {E98EEDA7-F6ED-4EA9-B2B6-D79DBD9145B2}
		{D2BD3217-A451-46D3-A48F-E7FA13C3405B} = {E98EEDA7-F6ED-4EA9-B2B6-D79DBD9145B2}
		{D61DC0E2-ABC9-4BC9-91BE-80FC89D06587} = {E98EEDA7-F6ED-4EA9-B2B6-D79DBD9145B2}
		{74D2F1D1-FD84-4D31-A4FA-642022805E18} = {B184BCCE-56C1-4428-873A-1F564F00DA98}
		{4A300ADC-68B3-4A4D-BDD2-161028853DDB} = {B184BCCE-56C1-4428-873A-1F564F00DA98}
	EndGlobalSection
	GlobalSection(ExtensibilityGlobals) = postSolution
		SolutionGuid = {1434419F-CF49-4407-B3E1-F554AA0DBC33}
	EndGlobalSection
EndGlobal
