
Microsoft Visual Studio Solution File, Format Version 12.00
# Visual Studio Version 16
VisualStudioVersion = 16.0.30011.22
MinimumVisualStudioVersion = 10.0.40219.1
Project("{2150E333-8FDC-42A3-9474-1A3956D46DE8}") = "Solution Items", "Solution Items", "{DDFBB5BA-0CC9-48A9-80DF-C1707C5B2139}"
	ProjectSection(SolutionItems) = preProject
		LICENSE.md = LICENSE.md
		nuget_logo.png = nuget_logo.png
		README.md = README.md
	EndProjectSection
EndProject
Project("{9A19103F-16F7-4668-BE54-9A1E7A4F7556}") = "SereneApi.Core", "src\SereneApi.Core\SereneApi.Core.csproj", "{E62EE726-F4F6-48CD-A488-02B75BD1CABA}"
EndProject
Project("{9A19103F-16F7-4668-BE54-9A1E7A4F7556}") = "SereneApi.Handlers.Rest", "src\SereneApi.Handlers.Rest\SereneApi.Handlers.Rest.csproj", "{CBFBC1AB-817B-49CA-9908-06D3F88F16FE}"
EndProject
Project("{9A19103F-16F7-4668-BE54-9A1E7A4F7556}") = "SereneApi.Handlers.Soap", "src\SereneApi.Handlers.Soap\SereneApi.Handlers.Soap.csproj", "{460379DE-56AD-436D-8C15-B2A35136F6F6}"
EndProject
Project("{9A19103F-16F7-4668-BE54-9A1E7A4F7556}") = "SereneApi.Serializers.Newtonsoft.Json", "src\SereneApi.Serializers.Newtonsoft.Json\SereneApi.Serializers.Newtonsoft.Json.csproj", "{D48A5328-8AA9-46CB-92D2-C242D161E8A5}"
EndProject
Project("{9A19103F-16F7-4668-BE54-9A1E7A4F7556}") = "SereneApi.Extensions.DependencyInjection", "src\SereneApi.Extensions.DependencyInjection\SereneApi.Extensions.DependencyInjection.csproj", "{5474DDBC-770B-4442-92AE-0DB6FBC0DA70}"
EndProject
Project("{9A19103F-16F7-4668-BE54-9A1E7A4F7556}") = "SereneApi.Extensions.Caching", "src\SereneApi.Extensions.Caching\SereneApi.Extensions.Caching.csproj", "{4FA77445-0C93-4550-BEBD-D242E3C01431}"
EndProject
Project("{9A19103F-16F7-4668-BE54-9A1E7A4F7556}") = "SereneApi.Extensions.Mocking", "src\SereneApi.Extensions.Mocking\SereneApi.Extensions.Mocking.csproj", "{3F2750FD-C2E6-41F5-9A1A-750027E56723}"
EndProject
Global
	GlobalSection(SolutionConfigurationPlatforms) = preSolution
		Debug|Any CPU = Debug|Any CPU
		Release|Any CPU = Release|Any CPU
	EndGlobalSection
	GlobalSection(ProjectConfigurationPlatforms) = postSolution
		{E62EE726-F4F6-48CD-A488-02B75BD1CABA}.Debug|Any CPU.ActiveCfg = Debug|Any CPU
		{E62EE726-F4F6-48CD-A488-02B75BD1CABA}.Debug|Any CPU.Build.0 = Debug|Any CPU
		{E62EE726-F4F6-48CD-A488-02B75BD1CABA}.Release|Any CPU.ActiveCfg = Release|Any CPU
		{E62EE726-F4F6-48CD-A488-02B75BD1CABA}.Release|Any CPU.Build.0 = Release|Any CPU
		{CBFBC1AB-817B-49CA-9908-06D3F88F16FE}.Debug|Any CPU.ActiveCfg = Debug|Any CPU
		{CBFBC1AB-817B-49CA-9908-06D3F88F16FE}.Debug|Any CPU.Build.0 = Debug|Any CPU
		{CBFBC1AB-817B-49CA-9908-06D3F88F16FE}.Release|Any CPU.ActiveCfg = Release|Any CPU
		{CBFBC1AB-817B-49CA-9908-06D3F88F16FE}.Release|Any CPU.Build.0 = Release|Any CPU
		{460379DE-56AD-436D-8C15-B2A35136F6F6}.Debug|Any CPU.ActiveCfg = Debug|Any CPU
		{460379DE-56AD-436D-8C15-B2A35136F6F6}.Debug|Any CPU.Build.0 = Debug|Any CPU
		{460379DE-56AD-436D-8C15-B2A35136F6F6}.Release|Any CPU.ActiveCfg = Release|Any CPU
		{460379DE-56AD-436D-8C15-B2A35136F6F6}.Release|Any CPU.Build.0 = Release|Any CPU
		{D48A5328-8AA9-46CB-92D2-C242D161E8A5}.Debug|Any CPU.ActiveCfg = Debug|Any CPU
		{D48A5328-8AA9-46CB-92D2-C242D161E8A5}.Debug|Any CPU.Build.0 = Debug|Any CPU
		{D48A5328-8AA9-46CB-92D2-C242D161E8A5}.Release|Any CPU.ActiveCfg = Release|Any CPU
		{D48A5328-8AA9-46CB-92D2-C242D161E8A5}.Release|Any CPU.Build.0 = Release|Any CPU
		{5474DDBC-770B-4442-92AE-0DB6FBC0DA70}.Debug|Any CPU.ActiveCfg = Debug|Any CPU
		{5474DDBC-770B-4442-92AE-0DB6FBC0DA70}.Debug|Any CPU.Build.0 = Debug|Any CPU
		{5474DDBC-770B-4442-92AE-0DB6FBC0DA70}.Release|Any CPU.ActiveCfg = Release|Any CPU
		{5474DDBC-770B-4442-92AE-0DB6FBC0DA70}.Release|Any CPU.Build.0 = Release|Any CPU
		{4FA77445-0C93-4550-BEBD-D242E3C01431}.Debug|Any CPU.ActiveCfg = Debug|Any CPU
		{4FA77445-0C93-4550-BEBD-D242E3C01431}.Debug|Any CPU.Build.0 = Debug|Any CPU
		{4FA77445-0C93-4550-BEBD-D242E3C01431}.Release|Any CPU.ActiveCfg = Release|Any CPU
		{4FA77445-0C93-4550-BEBD-D242E3C01431}.Release|Any CPU.Build.0 = Release|Any CPU
		{3F2750FD-C2E6-41F5-9A1A-750027E56723}.Debug|Any CPU.ActiveCfg = Debug|Any CPU
		{3F2750FD-C2E6-41F5-9A1A-750027E56723}.Debug|Any CPU.Build.0 = Debug|Any CPU
		{3F2750FD-C2E6-41F5-9A1A-750027E56723}.Release|Any CPU.ActiveCfg = Release|Any CPU
		{3F2750FD-C2E6-41F5-9A1A-750027E56723}.Release|Any CPU.Build.0 = Release|Any CPU
	EndGlobalSection
	GlobalSection(SolutionProperties) = preSolution
		HideSolutionNode = FALSE
	EndGlobalSection
	GlobalSection(ExtensibilityGlobals) = postSolution
		SolutionGuid = {1434419F-CF49-4407-B3E1-F554AA0DBC33}
	EndGlobalSection
EndGlobal
