
Microsoft Visual Studio Solution File, Format Version 12.00
# Visual Studio Version 16
VisualStudioVersion = 16.0.30011.22
MinimumVisualStudioVersion = 10.0.40219.1
Project("{9A19103F-16F7-4668-BE54-9A1E7A4F7556}") = "SereneApi.Tests", "tests\SereneApi.Tests\SereneApi.Tests.csproj", "{A5838144-4692-4D5C-A534-C1737C924A4B}"
	ProjectSection(ProjectDependencies) = postProject
		{4FB9E00D-43FB-41AF-8703-F06F24D8666A} = {4FB9E00D-43FB-41AF-8703-F06F24D8666A}
		{18E5FD44-C306-49AD-8B38-99F303B51375} = {18E5FD44-C306-49AD-8B38-99F303B51375}
		{6EF8F6A6-5A51-4B6D-97E9-F6376CAD070D} = {6EF8F6A6-5A51-4B6D-97E9-F6376CAD070D}
	EndProjectSection
EndProject
Project("{9A19103F-16F7-4668-BE54-9A1E7A4F7556}") = "SereneApi", "src\SereneApi\SereneApi.csproj", "{AD315370-6A83-41FF-BB62-1B920B9572D3}"
EndProject
Project("{2150E333-8FDC-42A3-9474-1A3956D46DE8}") = "Tests", "Tests", "{E98EEDA7-F6ED-4EA9-B2B6-D79DBD9145B2}"
EndProject
Project("{2150E333-8FDC-42A3-9474-1A3956D46DE8}") = "Solution Items", "Solution Items", "{DDFBB5BA-0CC9-48A9-80DF-C1707C5B2139}"
	ProjectSection(SolutionItems) = preProject
		LICENSE.md = LICENSE.md
		nuget_logo.png = nuget_logo.png
		README.md = README.md
	EndProjectSection
EndProject
Project("{2150E333-8FDC-42A3-9474-1A3956D46DE8}") = "Examples", "Examples", "{2A33ED7C-69F6-430E-89C9-9CBE557B57CC}"
EndProject
Project("{2150E333-8FDC-42A3-9474-1A3956D46DE8}") = "DependencyInjection", "DependencyInjection", "{518244F8-568F-457B-8684-CAD8AD9A3D0E}"
EndProject
Project("{9A19103F-16F7-4668-BE54-9A1E7A4F7556}") = "DependencyInjection.Service", "examples\DependencyInjection\src\DependencyInjection.Service\DependencyInjection.Service.csproj", "{BD59168B-B511-417F-B89C-F3EDA406C14E}"
EndProject
Project("{9A19103F-16F7-4668-BE54-9A1E7A4F7556}") = "DependencyInjection.WebUi", "examples\DependencyInjection\src\DependencyInjection.WebUi\DependencyInjection.WebUi.csproj", "{F92CC81A-C39C-4938-BE3E-1B10EE3E5CA4}"
EndProject
Project("{9A19103F-16F7-4668-BE54-9A1E7A4F7556}") = "DependencyInjection.API", "examples\DependencyInjection\src\DependencyInjection.API\DependencyInjection.API.csproj", "{AD2DE70B-FFE2-4ED9-8CC2-5BBB6213C10A}"
EndProject
Project("{9A19103F-16F7-4668-BE54-9A1E7A4F7556}") = "SereneApi.Extensions.DependencyInjection", "src\SereneApi.Extensions.DependencyInjection\SereneApi.Extensions.DependencyInjection.csproj", "{4FB9E00D-43FB-41AF-8703-F06F24D8666A}"
EndProject
Project("{9A19103F-16F7-4668-BE54-9A1E7A4F7556}") = "SereneApi.Extensions.Mocking", "src\SereneApi.Extensions.Mocking\SereneApi.Extensions.Mocking.csproj", "{148B236D-A5F0-48DF-8912-3CD3D314FB38}"
EndProject
Project("{9A19103F-16F7-4668-BE54-9A1E7A4F7556}") = "SereneApi.Abstractions", "src\SereneApi.Abstractions\SereneApi.Abstractions.csproj", "{18E5FD44-C306-49AD-8B38-99F303B51375}"
EndProject
Project("{9A19103F-16F7-4668-BE54-9A1E7A4F7556}") = "SereneApi.Extensions.Newtonsoft", "src\SereneApi.Extensions.Newtonsoft\SereneApi.Extensions.Newtonsoft.csproj", "{6EF8F6A6-5A51-4B6D-97E9-F6376CAD070D}"
EndProject
Project("{9A19103F-16F7-4668-BE54-9A1E7A4F7556}") = "SereneApi.Extensions.Newtonsoft.Tests", "tests\SereneApi.Extensions.Newtonsoft.Tests\SereneApi.Extensions.Newtonsoft.Tests.csproj", "{5737E8F2-1FF3-4570-B2A3-2473860DD679}"
EndProject
Project("{9A19103F-16F7-4668-BE54-9A1E7A4F7556}") = "SereneApi.Abstractions.Tests", "tests\SereneApi.Abstractions.Tests\SereneApi.Abstractions.Tests.csproj", "{886C5DA1-0696-4222-AA72-D0480F265CFE}"
EndProject
Project("{2150E333-8FDC-42A3-9474-1A3956D46DE8}") = "Benchmarks", "Benchmarks", "{B184BCCE-56C1-4428-873A-1F564F00DA98}"
EndProject
Project("{9A19103F-16F7-4668-BE54-9A1E7A4F7556}") = "SereneApi.Extensions.DependencyInjection.Tests", "tests\SereneApi.Extensions.DependencyInjection.Tests\SereneApi.Extensions.DependencyInjection.Tests.csproj", "{E42C605C-A844-48FE-9CFF-E006E5E9901E}"
EndProject
Project("{9A19103F-16F7-4668-BE54-9A1E7A4F7556}") = "SereneApi.Adapters.Profiling", "src\SereneApi.Adapters.Profiling\SereneApi.Adapters.Profiling.csproj", "{89554B30-37E3-4792-89DC-F2407EEEE05C}"
EndProject
Project("{9A19103F-16F7-4668-BE54-9A1E7A4F7556}") = "SereneApi.Benchmark", "benchmarks\SereneApi.Benchmark\SereneApi.Benchmark.csproj", "{41359DA2-ACFC-4B22-B27D-D6749F1F7418}"
EndProject
Project("{9A19103F-16F7-4668-BE54-9A1E7A4F7556}") = "SereneApi.Benchmark.AspNet", "benchmarks\SereneApi.Benchmark.AspNet\SereneApi.Benchmark.AspNet.csproj", "{2E2DEBA0-CFC8-44AC-BEB9-B0D1755F2F0F}"
EndProject
Global
	GlobalSection(SolutionConfigurationPlatforms) = preSolution
		Debug|Any CPU = Debug|Any CPU
		Release|Any CPU = Release|Any CPU
	EndGlobalSection
	GlobalSection(ProjectConfigurationPlatforms) = postSolution
		{A5838144-4692-4D5C-A534-C1737C924A4B}.Debug|Any CPU.ActiveCfg = Debug|Any CPU
		{A5838144-4692-4D5C-A534-C1737C924A4B}.Debug|Any CPU.Build.0 = Debug|Any CPU
		{A5838144-4692-4D5C-A534-C1737C924A4B}.Release|Any CPU.ActiveCfg = Release|Any CPU
		{A5838144-4692-4D5C-A534-C1737C924A4B}.Release|Any CPU.Build.0 = Release|Any CPU
		{AD315370-6A83-41FF-BB62-1B920B9572D3}.Debug|Any CPU.ActiveCfg = Debug|Any CPU
		{AD315370-6A83-41FF-BB62-1B920B9572D3}.Debug|Any CPU.Build.0 = Debug|Any CPU
		{AD315370-6A83-41FF-BB62-1B920B9572D3}.Release|Any CPU.ActiveCfg = Release|Any CPU
		{AD315370-6A83-41FF-BB62-1B920B9572D3}.Release|Any CPU.Build.0 = Release|Any CPU
		{BD59168B-B511-417F-B89C-F3EDA406C14E}.Debug|Any CPU.ActiveCfg = Debug|Any CPU
		{BD59168B-B511-417F-B89C-F3EDA406C14E}.Debug|Any CPU.Build.0 = Debug|Any CPU
		{BD59168B-B511-417F-B89C-F3EDA406C14E}.Release|Any CPU.ActiveCfg = Release|Any CPU
		{BD59168B-B511-417F-B89C-F3EDA406C14E}.Release|Any CPU.Build.0 = Release|Any CPU
		{F92CC81A-C39C-4938-BE3E-1B10EE3E5CA4}.Debug|Any CPU.ActiveCfg = Debug|Any CPU
		{F92CC81A-C39C-4938-BE3E-1B10EE3E5CA4}.Debug|Any CPU.Build.0 = Debug|Any CPU
		{F92CC81A-C39C-4938-BE3E-1B10EE3E5CA4}.Release|Any CPU.ActiveCfg = Release|Any CPU
		{F92CC81A-C39C-4938-BE3E-1B10EE3E5CA4}.Release|Any CPU.Build.0 = Release|Any CPU
		{AD2DE70B-FFE2-4ED9-8CC2-5BBB6213C10A}.Debug|Any CPU.ActiveCfg = Debug|Any CPU
		{AD2DE70B-FFE2-4ED9-8CC2-5BBB6213C10A}.Debug|Any CPU.Build.0 = Debug|Any CPU
		{AD2DE70B-FFE2-4ED9-8CC2-5BBB6213C10A}.Release|Any CPU.ActiveCfg = Release|Any CPU
		{AD2DE70B-FFE2-4ED9-8CC2-5BBB6213C10A}.Release|Any CPU.Build.0 = Release|Any CPU
		{4FB9E00D-43FB-41AF-8703-F06F24D8666A}.Debug|Any CPU.ActiveCfg = Debug|Any CPU
		{4FB9E00D-43FB-41AF-8703-F06F24D8666A}.Debug|Any CPU.Build.0 = Debug|Any CPU
		{4FB9E00D-43FB-41AF-8703-F06F24D8666A}.Release|Any CPU.ActiveCfg = Release|Any CPU
		{4FB9E00D-43FB-41AF-8703-F06F24D8666A}.Release|Any CPU.Build.0 = Release|Any CPU
		{148B236D-A5F0-48DF-8912-3CD3D314FB38}.Debug|Any CPU.ActiveCfg = Debug|Any CPU
		{148B236D-A5F0-48DF-8912-3CD3D314FB38}.Debug|Any CPU.Build.0 = Debug|Any CPU
		{148B236D-A5F0-48DF-8912-3CD3D314FB38}.Release|Any CPU.ActiveCfg = Release|Any CPU
		{148B236D-A5F0-48DF-8912-3CD3D314FB38}.Release|Any CPU.Build.0 = Release|Any CPU
		{18E5FD44-C306-49AD-8B38-99F303B51375}.Debug|Any CPU.ActiveCfg = Debug|Any CPU
		{18E5FD44-C306-49AD-8B38-99F303B51375}.Debug|Any CPU.Build.0 = Debug|Any CPU
		{18E5FD44-C306-49AD-8B38-99F303B51375}.Release|Any CPU.ActiveCfg = Release|Any CPU
		{18E5FD44-C306-49AD-8B38-99F303B51375}.Release|Any CPU.Build.0 = Release|Any CPU
		{6EF8F6A6-5A51-4B6D-97E9-F6376CAD070D}.Debug|Any CPU.ActiveCfg = Debug|Any CPU
		{6EF8F6A6-5A51-4B6D-97E9-F6376CAD070D}.Debug|Any CPU.Build.0 = Debug|Any CPU
		{6EF8F6A6-5A51-4B6D-97E9-F6376CAD070D}.Release|Any CPU.ActiveCfg = Release|Any CPU
		{6EF8F6A6-5A51-4B6D-97E9-F6376CAD070D}.Release|Any CPU.Build.0 = Release|Any CPU
		{5737E8F2-1FF3-4570-B2A3-2473860DD679}.Debug|Any CPU.ActiveCfg = Debug|Any CPU
		{5737E8F2-1FF3-4570-B2A3-2473860DD679}.Debug|Any CPU.Build.0 = Debug|Any CPU
		{5737E8F2-1FF3-4570-B2A3-2473860DD679}.Release|Any CPU.ActiveCfg = Release|Any CPU
		{5737E8F2-1FF3-4570-B2A3-2473860DD679}.Release|Any CPU.Build.0 = Release|Any CPU
		{886C5DA1-0696-4222-AA72-D0480F265CFE}.Debug|Any CPU.ActiveCfg = Debug|Any CPU
		{886C5DA1-0696-4222-AA72-D0480F265CFE}.Debug|Any CPU.Build.0 = Debug|Any CPU
		{886C5DA1-0696-4222-AA72-D0480F265CFE}.Release|Any CPU.ActiveCfg = Release|Any CPU
		{886C5DA1-0696-4222-AA72-D0480F265CFE}.Release|Any CPU.Build.0 = Release|Any CPU
		{E42C605C-A844-48FE-9CFF-E006E5E9901E}.Debug|Any CPU.ActiveCfg = Debug|Any CPU
		{E42C605C-A844-48FE-9CFF-E006E5E9901E}.Debug|Any CPU.Build.0 = Debug|Any CPU
		{E42C605C-A844-48FE-9CFF-E006E5E9901E}.Release|Any CPU.ActiveCfg = Release|Any CPU
		{E42C605C-A844-48FE-9CFF-E006E5E9901E}.Release|Any CPU.Build.0 = Release|Any CPU
		{89554B30-37E3-4792-89DC-F2407EEEE05C}.Debug|Any CPU.ActiveCfg = Debug|Any CPU
		{89554B30-37E3-4792-89DC-F2407EEEE05C}.Debug|Any CPU.Build.0 = Debug|Any CPU
		{89554B30-37E3-4792-89DC-F2407EEEE05C}.Release|Any CPU.ActiveCfg = Release|Any CPU
		{89554B30-37E3-4792-89DC-F2407EEEE05C}.Release|Any CPU.Build.0 = Release|Any CPU
		{41359DA2-ACFC-4B22-B27D-D6749F1F7418}.Debug|Any CPU.ActiveCfg = Debug|Any CPU
		{41359DA2-ACFC-4B22-B27D-D6749F1F7418}.Debug|Any CPU.Build.0 = Debug|Any CPU
		{41359DA2-ACFC-4B22-B27D-D6749F1F7418}.Release|Any CPU.ActiveCfg = Release|Any CPU
		{41359DA2-ACFC-4B22-B27D-D6749F1F7418}.Release|Any CPU.Build.0 = Release|Any CPU
		{2E2DEBA0-CFC8-44AC-BEB9-B0D1755F2F0F}.Debug|Any CPU.ActiveCfg = Debug|Any CPU
		{2E2DEBA0-CFC8-44AC-BEB9-B0D1755F2F0F}.Debug|Any CPU.Build.0 = Debug|Any CPU
		{2E2DEBA0-CFC8-44AC-BEB9-B0D1755F2F0F}.Release|Any CPU.ActiveCfg = Release|Any CPU
		{2E2DEBA0-CFC8-44AC-BEB9-B0D1755F2F0F}.Release|Any CPU.Build.0 = Release|Any CPU
	EndGlobalSection
	GlobalSection(SolutionProperties) = preSolution
		HideSolutionNode = FALSE
	EndGlobalSection
	GlobalSection(NestedProjects) = preSolution
		{A5838144-4692-4D5C-A534-C1737C924A4B} = {E98EEDA7-F6ED-4EA9-B2B6-D79DBD9145B2}
		{518244F8-568F-457B-8684-CAD8AD9A3D0E} = {2A33ED7C-69F6-430E-89C9-9CBE557B57CC}
		{BD59168B-B511-417F-B89C-F3EDA406C14E} = {518244F8-568F-457B-8684-CAD8AD9A3D0E}
		{F92CC81A-C39C-4938-BE3E-1B10EE3E5CA4} = {518244F8-568F-457B-8684-CAD8AD9A3D0E}
		{AD2DE70B-FFE2-4ED9-8CC2-5BBB6213C10A} = {518244F8-568F-457B-8684-CAD8AD9A3D0E}
		{5737E8F2-1FF3-4570-B2A3-2473860DD679} = {E98EEDA7-F6ED-4EA9-B2B6-D79DBD9145B2}
		{886C5DA1-0696-4222-AA72-D0480F265CFE} = {E98EEDA7-F6ED-4EA9-B2B6-D79DBD9145B2}
		{E42C605C-A844-48FE-9CFF-E006E5E9901E} = {E98EEDA7-F6ED-4EA9-B2B6-D79DBD9145B2}
		{41359DA2-ACFC-4B22-B27D-D6749F1F7418} = {B184BCCE-56C1-4428-873A-1F564F00DA98}
		{2E2DEBA0-CFC8-44AC-BEB9-B0D1755F2F0F} = {B184BCCE-56C1-4428-873A-1F564F00DA98}
	EndGlobalSection
	GlobalSection(ExtensibilityGlobals) = postSolution
		SolutionGuid = {1434419F-CF49-4407-B3E1-F554AA0DBC33}
	EndGlobalSection
EndGlobal
