
Microsoft Visual Studio Solution File, Format Version 12.00
# Visual Studio Version 16
VisualStudioVersion = 16.0.30011.22
MinimumVisualStudioVersion = 10.0.40219.1
Project("{9A19103F-16F7-4668-BE54-9A1E7A4F7556}") = "DependencyInjection.Service", "src\DependencyInjection.Service\DependencyInjection.Service.csproj", "{B879052B-AE18-493E-B3A7-F1C0B66E6D9B}"
EndProject
Project("{9A19103F-16F7-4668-BE54-9A1E7A4F7556}") = "DependencyInjection.WebUi", "src\DependencyInjection.WebUi\DependencyInjection.WebUi.csproj", "{4567F03A-678A-4F99-9CE3-A3141994B6FB}"
EndProject
Project("{9A19103F-16F7-4668-BE54-9A1E7A4F7556}") = "DependencyInjection.API", "src\DependencyInjection.API\DependencyInjection.API.csproj", "{0F258B96-E610-4915-A2F2-69623F08C373}"
EndProject
Global
	GlobalSection(SolutionConfigurationPlatforms) = preSolution
		Debug|Any CPU = Debug|Any CPU
		Release|Any CPU = Release|Any CPU
	EndGlobalSection
	GlobalSection(ProjectConfigurationPlatforms) = postSolution
		{B879052B-AE18-493E-B3A7-F1C0B66E6D9B}.Debug|Any CPU.ActiveCfg = Debug|Any CPU
		{B879052B-AE18-493E-B3A7-F1C0B66E6D9B}.Debug|Any CPU.Build.0 = Debug|Any CPU
		{B879052B-AE18-493E-B3A7-F1C0B66E6D9B}.Release|Any CPU.ActiveCfg = Release|Any CPU
		{B879052B-AE18-493E-B3A7-F1C0B66E6D9B}.Release|Any CPU.Build.0 = Release|Any CPU
		{4567F03A-678A-4F99-9CE3-A3141994B6FB}.Debug|Any CPU.ActiveCfg = Debug|Any CPU
		{4567F03A-678A-4F99-9CE3-A3141994B6FB}.Debug|Any CPU.Build.0 = Debug|Any CPU
		{4567F03A-678A-4F99-9CE3-A3141994B6FB}.Release|Any CPU.ActiveCfg = Release|Any CPU
		{4567F03A-678A-4F99-9CE3-A3141994B6FB}.Release|Any CPU.Build.0 = Release|Any CPU
		{0F258B96-E610-4915-A2F2-69623F08C373}.Debug|Any CPU.ActiveCfg = Debug|Any CPU
		{0F258B96-E610-4915-A2F2-69623F08C373}.Debug|Any CPU.Build.0 = Debug|Any CPU
		{0F258B96-E610-4915-A2F2-69623F08C373}.Release|Any CPU.ActiveCfg = Release|Any CPU
		{0F258B96-E610-4915-A2F2-69623F08C373}.Release|Any CPU.Build.0 = Release|Any CPU
	EndGlobalSection
	GlobalSection(SolutionProperties) = preSolution
		HideSolutionNode = FALSE
	EndGlobalSection
	GlobalSection(ExtensibilityGlobals) = postSolution
		SolutionGuid = {DB0676B7-D359-4F30-9239-58BAAA094EF3}
	EndGlobalSection
EndGlobal
